
Microsoft Visual Studio Solution File, Format Version 12.00
# Visual Studio Version 17
VisualStudioVersion = 17.9.34902.65
MinimumVisualStudioVersion = 10.0.40219.1
Project("{9A19103F-16F7-4668-BE54-9A1E7A4F7556}") = "12.22", "12.22\12.22.csproj", "{4203307D-57E0-4ED7-9DDB-3F6E12C03FCB}"
EndProject
Project("{FAE04EC0-301F-11D3-BF4B-00C04F79EFBC}") = "TestProject1", "TestProject1\TestProject1.csproj", "{AB376B4B-6AF7-423E-8B65-C73E33A8C6CB}"
EndProject
Global
	GlobalSection(SolutionConfigurationPlatforms) = preSolution
		Debug|Any CPU = Debug|Any CPU
		Release|Any CPU = Release|Any CPU
	EndGlobalSection
	GlobalSection(ProjectConfigurationPlatforms) = postSolution
		{4203307D-57E0-4ED7-9DDB-3F6E12C03FCB}.Debug|Any CPU.ActiveCfg = Debug|Any CPU
		{4203307D-57E0-4ED7-9DDB-3F6E12C03FCB}.Debug|Any CPU.Build.0 = Debug|Any CPU
		{4203307D-57E0-4ED7-9DDB-3F6E12C03FCB}.Release|Any CPU.ActiveCfg = Release|Any CPU
		{4203307D-57E0-4ED7-9DDB-3F6E12C03FCB}.Release|Any CPU.Build.0 = Release|Any CPU
		{AB376B4B-6AF7-423E-8B65-C73E33A8C6CB}.Debug|Any CPU.ActiveCfg = Debug|Any CPU
		{AB376B4B-6AF7-423E-8B65-C73E33A8C6CB}.Debug|Any CPU.Build.0 = Debug|Any CPU
		{AB376B4B-6AF7-423E-8B65-C73E33A8C6CB}.Release|Any CPU.ActiveCfg = Release|Any CPU
		{AB376B4B-6AF7-423E-8B65-C73E33A8C6CB}.Release|Any CPU.Build.0 = Release|Any CPU
	EndGlobalSection
	GlobalSection(SolutionProperties) = preSolution
		HideSolutionNode = FALSE
	EndGlobalSection
	GlobalSection(ExtensibilityGlobals) = postSolution
		SolutionGuid = {830BA00A-15EF-4037-9BAE-496643D7ADC5}
	EndGlobalSection
EndGlobal
